
Microsoft Visual Studio Solution File, Format Version 12.00
# Visual Studio Version 16
VisualStudioVersion = 16.0.31321.278
MinimumVisualStudioVersion = 10.0.40219.1
Project("{FAE04EC0-301F-11D3-BF4B-00C04F79EFBC}") = "BMICalculator", "BMICalculator\BMICalculator.csproj", "{8F282B1F-C884-4562-8079-129754F56DC5}"
EndProject
Global
	GlobalSection(SolutionConfigurationPlatforms) = preSolution
		Debug|Any CPU = Debug|Any CPU
		Release|Any CPU = Release|Any CPU
	EndGlobalSection
	GlobalSection(ProjectConfigurationPlatforms) = postSolution
		{8F282B1F-C884-4562-8079-129754F56DC5}.Debug|Any CPU.ActiveCfg = Debug|Any CPU
		{8F282B1F-C884-4562-8079-129754F56DC5}.Debug|Any CPU.Build.0 = Debug|Any CPU
		{8F282B1F-C884-4562-8079-129754F56DC5}.Release|Any CPU.ActiveCfg = Release|Any CPU
		{8F282B1F-C884-4562-8079-129754F56DC5}.Release|Any CPU.Build.0 = Release|Any CPU
	EndGlobalSection
	GlobalSection(SolutionProperties) = preSolution
		HideSolutionNode = FALSE
	EndGlobalSection
	GlobalSection(ExtensibilityGlobals) = postSolution
		SolutionGuid = {0BF27C0B-092A-4245-8EE5-CFA26A1BCF89}
	EndGlobalSection
EndGlobal
